PODS:
  - AFNetworking (2.3.1):
    - AFNetworking/NSURLConnection (= 2.3.1)
    - AFNetworking/NSURLSession (= 2.3.1)
    - AFNetworking/Reachability (= 2.3.1)
    - AFNetworking/Security (= 2.3.1)
    - AFNetworking/Serialization (= 2.3.1)
    - AFNetworking/UIKit (= 2.3.1)
  - AFNetworking/NSURLConnection (2.3.1):
    - AFNetworking/Reachability
    - AFNetworking/Security
    - AFNetworking/Serialization
  - AFNetworking/NSURLSession (2.3.1):
    - AFNetworking/Reachability
    - AFNetworking/Security
    - AFNetworking/Serialization
  - AFNetworking/Reachability (2.3.1)
  - AFNetworking/Security (2.3.1)
  - AFNetworking/Serialization (2.3.1)
  - AFNetworking/UIKit (2.3.1):
    - AFNetworking/NSURLConnection
    - AFNetworking/NSURLSession
  - APAddressBook (0.3.2):
    - APAddressBook/Core (= 0.3.2)
  - APAddressBook/Core (0.3.2)
  - BaiduMapKit (2.10.2)
  - DACircularProgress (2.2.0)
  - FMDB (2.7.5):
    - FMDB/standard (= 2.7.5)
  - FMDB/standard (2.7.5)
  - HPGrowingTextView (1.1)
  - LCActionSheet (1.2.3)
  - libwebp (1.2.0):
    - libwebp/demux (= 1.2.0)
    - libwebp/mux (= 1.2.0)
    - libwebp/webp (= 1.2.0)
  - libwebp/demux (1.2.0):
    - libwebp/webp
  - libwebp/mux (1.2.0):
    - libwebp/demux
  - libwebp/webp (1.2.0)
  - Masonry (1.1.0)
  - MBProgressHUD (0.9.2)
  - MWPhotoBrowser (1.4.1):
    - DACircularProgress
    - MBProgressHUD (~> 0.8)
    - PSTCollectionView (~> 1.2)
    - SDWebImage (~> 3.7)
  - OHAlertView (3.0.1)
  - ProtocolBuffers (1.9.11)
  - PSTCollectionView (1.2.3)
  - RegexKitLite (4.0)
  - Reveal-SDK (24)
  - SCLAlertView-Objective-C (0.7.9)
  - SDWebImage (3.8.3):
    - SDWebImage/Core (= 3.8.3)
  - SDWebImage/Core (3.8.3)
  - SSKeychain (1.4.1)
  - SVProgressHUD (2.2.5)
  - SVWebViewController (1.0)
  - TTTAttributedLabel (2.0.0)
  - TZImagePickerController (3.6.4)
  - XHImageViewer (0.1.2)
  - YYKit (1.0.9-IDEA):
    - libwebp
    - YYKit/no-arc (= 1.0.9-IDEA)
  - YYKit/no-arc (1.0.9-IDEA):
    - libwebp
  - ZXingObjC (3.6.5):
    - ZXingObjC/All (= 3.6.5)
  - ZXingObjC/All (3.6.5)

DEPENDENCIES:
  - AFNetworking (~> 2.3.0)
  - APAddressBook
  - BaiduMapKit (~> 2.10.0)
  - DACircularProgress (~> 2.2.0)
  - FMDB (~> 2.3)
  - HPGrowingTextView (~> 1.1)
  - LCActionSheet (~> 1.2.1)
  - Masonry
  - MBProgressHUD (~> 0.8)
  - MWPhotoBrowser
  - OHAlertView
  - ProtocolBuffers (~> 1.9.4)
  - PSTCollectionView
  - RegexKitLite
  - Reveal-SDK (~> 24)
  - SCLAlertView-Objective-C (~> 0.7.3)
  - SDWebImage (~> 3.6)
  - SSKeychain
  - SVProgressHUD (~> 2.2.5)
  - SVWebViewController
  - TTTAttributedLabel
  - TZImagePickerController
  - XHImageViewer
  - "YYKit (from `git@github.com:miniwing/YYKit.git`, branch `develop`)"
  - ZXingObjC

SPEC REPOS:
  trunk:
    - AFNetworking
    - APAddressBook
    - BaiduMapKit
    - DACircularProgress
    - FMDB
    - HPGrowingTextView
    - LCActionSheet
    - libwebp
    - Masonry
    - MBProgressHUD
    - MWPhotoBrowser
    - OHAlertView
    - ProtocolBuffers
    - PSTCollectionView
    - RegexKitLite
    - Reveal-SDK
    - SCLAlertView-Objective-C
    - SDWebImage
    - SSKeychain
    - SVProgressHUD
    - SVWebViewController
    - TTTAttributedLabel
    - TZImagePickerController
    - XHImageViewer
    - ZXingObjC

EXTERNAL SOURCES:
  YYKit:
    :branch: develop
    :git: "git@github.com:miniwing/YYKit.git"

CHECKOUT OPTIONS:
  YYKit:
    :commit: 0ff751e35ad1a353687d607ec5dd4b4ade43203d
    :git: "git@github.com:miniwing/YYKit.git"

SPEC CHECKSUMS:
  AFNetworking: 05b9f6e3aa5ac45bc383b4bb108ef338080a26c7
  APAddressBook: e68ecaf95f2c323b625ae585a0d25fe505291286
  BaiduMapKit: b1706a062597c70ec62a0cca93212cba1d3017e1
  DACircularProgress: 0f92b77239d5f3c612fc66185e2998391ac8e054
  FMDB: 2ce00b547f966261cd18927a3ddb07cb6f3db82a
  HPGrowingTextView: 88a716d97fb853bcb08a4a08e4727da17efc9b19
  LCActionSheet: 690882cd8b9a6713f1b2881c3bb2c7f11954d034
  libwebp: e90b9c01d99205d03b6bb8f2c8c415e5a4ef66f0
  Masonry: 678fab65091a9290e40e2832a55e7ab731aad201
  MBProgressHUD: 1569cf7ace17a8bac47aabfbb8580a49690386d1
  MWPhotoBrowser: 2531e682860d62b8a7ba8659de02eb9040e431e5
  OHAlertView: 8be643171f973214045e734bf937f5fe70dfdc2b
  ProtocolBuffers: d509225eb2ea43d9582a59e94348fcf86e2abd65
  PSTCollectionView: 6749df92885353521f55279a7ce2b293762e2be4
  RegexKitLite: c0e4c12e6e7de0769f3a3ed679f0f61604170661
  Reveal-SDK: 5d7e56b8f018c0a88b3a2c10bf68d598bbd3b071
  SCLAlertView-Objective-C: e36ab12dc1ec4ff6f932888083b21d71a3a1ad23
  SDWebImage: a72e880a8fe0f7fc31efe15aaed443c074d2a80c
  SSKeychain: 55cc80f66f5c73da827e3077f02e43528897db41
  SVProgressHUD: 1428aafac632c1f86f62aa4243ec12008d7a51d6
  SVWebViewController: c36dda7326e81fcae0abf5d02bf7bbf7e41be901
  TTTAttributedLabel: 8cffe8e127e4e82ff3af1e5386d4cd0ad000b656
  TZImagePickerController: 1cc39ec0454d6e94d0397418953164d7aa631719
  XHImageViewer: 7b275d2aa829e56761c30303b9d51cae086a90b9
  YYKit: ac05bcfde7368d81f6232daf332702dd10535a68
  ZXingObjC: fdbb269f25dd2032da343e06f10224d62f537bdb

PODFILE CHECKSUM: 83ee54585af617792c5ada3158c6b2271a12f6e9

COCOAPODS: 1.10.2
